// !$*UTF8*$!
{
	archiveVersion = 1;
	classes = {
	};
	objectVersion = 50;
	objects = {

/* Begin PBXBuildFile section */
		DDCC01D92361A3A6007FF3D6 /* AppDelegate.swift in Sources */ = {isa = PBXBuildFile; fileRef = DDCC01D82361A3A6007FF3D6 /* AppDelegate.swift */; };
		DDCC01DB2361A3A6007FF3D6 /* ViewController.swift in Sources */ = {isa = PBXBuildFile; fileRef = DDCC01DA2361A3A6007FF3D6 /* ViewController.swift */; };
		DDCC01DE2361A3A6007FF3D6 /* Main.storyboard in Resources */ = {isa = PBXBuildFile; fileRef = DDCC01DC2361A3A6007FF3D6 /* Main.storyboard */; };
		DDCC01E02361A3A7007FF3D6 /* Assets.xcassets in Resources */ = {isa = PBXBuildFile; fileRef = DDCC01DF2361A3A7007FF3D6 /* Assets.xcassets */; };
		DDCC01E32361A3A7007FF3D6 /* LaunchScreen.storyboard in Resources */ = {isa = PBXBuildFile; fileRef = DDCC01E12361A3A7007FF3D6 /* LaunchScreen.storyboard */; };
		DDCC01EE2361A3A7007FF3D6 /* TwoPlayerDiceGameTests.swift in Sources */ = {isa = PBXBuildFile; fileRef = DDCC01ED2361A3A7007FF3D6 /* TwoPlayerDiceGameTests.swift */; };
/* End PBXBuildFile section */

/* Begin PBXContainerItemProxy section */
		DDCC01EA2361A3A7007FF3D6 /* PBXContainerItemProxy */ = {
			isa = PBXContainerItemProxy;
			containerPortal = DDCC01CD2361A3A6007FF3D6 /* Project object */;
			proxyType = 1;
			remoteGlobalIDString = DDCC01D42361A3A6007FF3D6;
			remoteInfo = TwoPlayerDiceGame;
		};
/* End PBXContainerItemProxy section */

/* Begin PBXFileReference section */
		DDCC01D52361A3A6007FF3D6 /* TwoPlayerDiceGame.app */ = {isa = PBXFileReference; explicitFileType = wrapper.application; includeInIndex = 0; path = TwoPlayerDiceGame.app; sourceTree = BUILT_PRODUCTS_DIR; };
		DDCC01D82361A3A6007FF3D6 /* AppDelegate.swift */ = {isa = PBXFileReference; lastKnownFileType = sourcecode.swift; path = AppDelegate.swift; sourceTree = "<group>"; };
		DDCC01DA2361A3A6007FF3D6 /* ViewController.swift */ = {isa = PBXFileReference; lastKnownFileType = sourcecode.swift; path = ViewController.swift; sourceTree = "<group>"; };
		DDCC01DD2361A3A6007FF3D6 /* Base */ = {isa = PBXFileReference; lastKnownFileType = file.storyboard; name = Base; path = Base.lproj/Main.storyboard; sourceTree = "<group>"; };
		DDCC01DF2361A3A7007FF3D6 /* Assets.xcassets */ = {isa = PBXFileReference; lastKnownFileType = folder.assetcatalog; path = Assets.xcassets; sourceTree = "<group>"; };
		DDCC01E22361A3A7007FF3D6 /* Base */ = {isa = PBXFileReference; lastKnownFileType = file.storyboard; name = Base; path = Base.lproj/LaunchScreen.storyboard; sourceTree = "<group>"; };
		DDCC01E42361A3A7007FF3D6 /* Info.plist */ = {isa = PBXFileReference; lastKnownFileType = text.plist.xml; path = Info.plist; sourceTree = "<group>"; };
		DDCC01E92361A3A7007FF3D6 /* TwoPlayerDiceGameTests.xctest */ = {isa = PBXFileReference; explicitFileType = wrapper.cfbundle; includeInIndex = 0; path = TwoPlayerDiceGameTests.xctest; sourceTree = BUILT_PRODUCTS_DIR; };
		DDCC01ED2361A3A7007FF3D6 /* TwoPlayerDiceGameTests.swift */ = {isa = PBXFileReference; lastKnownFileType = sourcecode.swift; path = TwoPlayerDiceGameTests.swift; sourceTree = "<group>"; };
		DDCC01EF2361A3A7007FF3D6 /* Info.plist */ = {isa = PBXFileReference; lastKnownFileType = text.plist.xml; path = Info.plist; sourceTree = "<group>"; };
/* End PBXFileReference section */

/* Begin PBXFrameworksBuildPhase section */
		DDCC01D22361A3A6007FF3D6 /* Frameworks */ = {
			isa = PBXFrameworksBuildPhase;
			buildActionMask = 2147483647;
			files = (
			);
			runOnlyForDeploymentPostprocessing = 0;
		};
		DDCC01E62361A3A7007FF3D6 /* Frameworks */ = {
			isa = PBXFrameworksBuildPhase;
			buildActionMask = 2147483647;
			files = (
			);
			runOnlyForDeploymentPostprocessing = 0;
		};
/* End PBXFrameworksBuildPhase section */

/* Begin PBXGroup section */
		DDCC01CC2361A3A6007FF3D6 = {
			isa = PBXGroup;
			children = (
				DDCC01D72361A3A6007FF3D6 /* TwoPlayerDiceGame */,
				DDCC01EC2361A3A7007FF3D6 /* TwoPlayerDiceGameTests */,
				DDCC01D62361A3A6007FF3D6 /* Products */,
			);
			sourceTree = "<group>";
		};
		DDCC01D62361A3A6007FF3D6 /* Products */ = {
			isa = PBXGroup;
			children = (
				DDCC01D52361A3A6007FF3D6 /* TwoPlayerDiceGame.app */,
				DDCC01E92361A3A7007FF3D6 /* TwoPlayerDiceGameTests.xctest */,
			);
			name = Products;
			sourceTree = "<group>";
		};
		DDCC01D72361A3A6007FF3D6 /* TwoPlayerDiceGame */ = {
			isa = PBXGroup;
			children = (
				DDCC01D82361A3A6007FF3D6 /* AppDelegate.swift */,
				DDCC01DA2361A3A6007FF3D6 /* ViewController.swift */,
				DDCC01DC2361A3A6007FF3D6 /* Main.storyboard */,
				DDCC01DF2361A3A7007FF3D6 /* Assets.xcassets */,
				DDCC01E12361A3A7007FF3D6 /* LaunchScreen.storyboard */,
				DDCC01E42361A3A7007FF3D6 /* Info.plist */,
			);
			path = TwoPlayerDiceGame;
			sourceTree = "<group>";
		};
		DDCC01EC2361A3A7007FF3D6 /* TwoPlayerDiceGameTests */ = {
			isa = PBXGroup;
			children = (
				DDCC01ED2361A3A7007FF3D6 /* TwoPlayerDiceGameTests.swift */,
				DDCC01EF2361A3A7007FF3D6 /* Info.plist */,
			);
			path = TwoPlayerDiceGameTests;
			sourceTree = "<group>";
		};
/* End PBXGroup section */

/* Begin PBXNativeTarget section */
		DDCC01D42361A3A6007FF3D6 /* TwoPlayerDiceGame */ = {
			isa = PBXNativeTarget;
			buildConfigurationList = DDCC01F22361A3A7007FF3D6 /* Build configuration list for PBXNativeTarget "TwoPlayerDiceGame" */;
			buildPhases = (
				DDCC01D12361A3A6007FF3D6 /* Sources */,
				DDCC01D22361A3A6007FF3D6 /* Frameworks */,
				DDCC01D32361A3A6007FF3D6 /* Resources */,
			);
			buildRules = (
			);
			dependencies = (
			);
			name = TwoPlayerDiceGame;
			productName = TwoPlayerDiceGame;
			productReference = DDCC01D52361A3A6007FF3D6 /* TwoPlayerDiceGame.app */;
			productType = "com.apple.product-type.application";
		};
		DDCC01E82361A3A7007FF3D6 /* TwoPlayerDiceGameTests */ = {
			isa = PBXNativeTarget;
			buildConfigurationList = DDCC01F52361A3A7007FF3D6 /* Build configuration list for PBXNativeTarget "TwoPlayerDiceGameTests" */;
			buildPhases = (
				DDCC01E52361A3A7007FF3D6 /* Sources */,
				DDCC01E62361A3A7007FF3D6 /* Frameworks */,
				DDCC01E72361A3A7007FF3D6 /* Resources */,
			);
			buildRules = (
			);
			dependencies = (
				DDCC01EB2361A3A7007FF3D6 /* PBXTargetDependency */,
			);
			name = TwoPlayerDiceGameTests;
			productName = TwoPlayerDiceGameTests;
			productReference = DDCC01E92361A3A7007FF3D6 /* TwoPlayerDiceGameTests.xctest */;
			productType = "com.apple.product-type.bundle.unit-test";
		};
/* End PBXNativeTarget section */

/* Begin PBXProject section */
		DDCC01CD2361A3A6007FF3D6 /* Project object */ = {
			isa = PBXProject;
			attributes = {
				LastSwiftUpdateCheck = 1010;
				LastUpgradeCheck = 1010;
				ORGANIZATIONNAME = CN72;
				TargetAttributes = {
					DDCC01D42361A3A6007FF3D6 = {
						CreatedOnToolsVersion = 10.1;
					};
					DDCC01E82361A3A7007FF3D6 = {
						CreatedOnToolsVersion = 10.1;
						TestTargetID = DDCC01D42361A3A6007FF3D6;
					};
				};
			};
			buildConfigurationList = DDCC01D02361A3A6007FF3D6 /* Build configuration list for PBXProject "TwoPlayerDiceGame" */;
			compatibilityVersion = "Xcode 9.3";
			developmentRegion = en;
			hasScannedForEncodings = 0;
			knownRegions = (
				en,
				Base,
			);
			mainGroup = DDCC01CC2361A3A6007FF3D6;
			productRefGroup = DDCC01D62361A3A6007FF3D6 /* Products */;
			projectDirPath = "";
			projectRoot = "";
			targets = (
				DDCC01D42361A3A6007FF3D6 /* TwoPlayerDiceGame */,
				DDCC01E82361A3A7007FF3D6 /* TwoPlayerDiceGameTests */,
			);
		};
/* End PBXProject section */

/* Begin PBXResourcesBuildPhase section */
		DDCC01D32361A3A6007FF3D6 /* Resources */ = {
			isa = PBXResourcesBuildPhase;
			buildActionMask = 2147483647;
			files = (
				DDCC01E32361A3A7007FF3D6 /* LaunchScreen.storyboard in Resources */,
				DDCC01E02361A3A7007FF3D6 /* Assets.xcassets in Resources */,
				DDCC01DE2361A3A6007FF3D6 /* Main.storyboard in Resources */,
			);
			runOnlyForDeploymentPostprocessing = 0;
		};
		DDCC01E72361A3A7007FF3D6 /* Resources */ = {
			isa = PBXResourcesBuildPhase;
			buildActionMask = 2147483647;
			files = (
			);
			runOnlyForDeploymentPostprocessing = 0;
		};
/* End PBXResourcesBuildPhase section */

/* Begin PBXSourcesBuildPhase section */
		DDCC01D12361A3A6007FF3D6 /* Sources */ = {
			isa = PBXSourcesBuildPhase;
			buildActionMask = 2147483647;
			files = (
				DDCC01DB2361A3A6007FF3D6 /* ViewController.swift in Sources */,
				DDCC01D92361A3A6007FF3D6 /* AppDelegate.swift in Sources */,
			);
			runOnlyForDeploymentPostprocessing = 0;
		};
		DDCC01E52361A3A7007FF3D6 /* Sources */ = {
			isa = PBXSourcesBuildPhase;
			buildActionMask = 2147483647;
			files = (
				DDCC01EE2361A3A7007FF3D6 /* TwoPlayerDiceGameTests.swift in Sources */,
			);
			runOnlyForDeploymentPostprocessing = 0;
		};
/* End PBXSourcesBuildPhase section */

/* Begin PBXTargetDependency section */
		DDCC01EB2361A3A7007FF3D6 /* PBXTargetDependency */ = {
			isa = PBXTargetDependency;
			target = DDCC01D42361A3A6007FF3D6 /* TwoPlayerDiceGame */;
			targetProxy = DDCC01EA2361A3A7007FF3D6 /* PBXContainerItemProxy */;
		};
/* End PBXTargetDependency section */

/* Begin PBXVariantGroup section */
		DDCC01DC2361A3A6007FF3D6 /* Main.storyboard */ = {
			isa = PBXVariantGroup;
			children = (
				DDCC01DD2361A3A6007FF3D6 /* Base */,
			);
			name = Main.storyboard;
			sourceTree = "<group>";
		};
		DDCC01E12361A3A7007FF3D6 /* LaunchScreen.storyboard */ = {
			isa = PBXVariantGroup;
			children = (
				DDCC01E22361A3A7007FF3D6 /* Base */,
			);
			name = LaunchScreen.storyboard;
			sourceTree = "<group>";
		};
/* End PBXVariantGroup section */

/* Begin XCBuildConfiguration section */
		DDCC01F02361A3A7007FF3D6 /* Debug */ = {
			isa = XCBuildConfiguration;
			buildSettings = {
				ALWAYS_SEARCH_USER_PATHS = NO;
				CLANG_ANALYZER_NONNULL = YES;
				CLANG_ANALYZER_NUMBER_OBJECT_CONVERSION = YES_AGGRESSIVE;
				CLANG_CXX_LANGUAGE_STANDARD = "gnu++14";
				CLANG_CXX_LIBRARY = "libc++";
				CLANG_ENABLE_MODULES = YES;
				CLANG_ENABLE_OBJC_ARC = YES;
				CLANG_ENABLE_OBJC_WEAK = YES;
				CLANG_WARN_BLOCK_CAPTURE_AUTORELEASING = YES;
				CLANG_WARN_BOOL_CONVERSION = YES;
				CLANG_WARN_COMMA = YES;
				CLANG_WARN_CONSTANT_CONVERSION = YES;
				CLANG_WARN_DEPRECATED_OBJC_IMPLEMENTATIONS = YES;
				CLANG_WARN_DIRECT_OBJC_ISA_USAGE = YES_ERROR;
				CLANG_WARN_DOCUMENTATION_COMMENTS = YES;
				CLANG_WARN_EMPTY_BODY = YES;
				CLANG_WARN_ENUM_CONVERSION = YES;
				CLANG_WARN_INFINITE_RECURSION = YES;
				CLANG_WARN_INT_CONVERSION = YES;
				CLANG_WARN_NON_LITERAL_NULL_CONVERSION = YES;
				CLANG_WARN_OBJC_IMPLICIT_RETAIN_SELF = YES;
				CLANG_WARN_OBJC_LITERAL_CONVERSION = YES;
				CLANG_WARN_OBJC_ROOT_CLASS = YES_ERROR;
				CLANG_WARN_RANGE_LOOP_ANALYSIS = YES;
				CLANG_WARN_STRICT_PROTOTYPES = YES;
				CLANG_WARN_SUSPICIOUS_MOVE = YES;
				CLANG_WARN_UNGUARDED_AVAILABILITY = YES_AGGRESSIVE;
				CLANG_WARN_UNREACHABLE_CODE = YES;
				CLANG_WARN__DUPLICATE_METHOD_MATCH = YES;
				CODE_SIGN_IDENTITY = "iPhone Developer";
				COPY_PHASE_STRIP = NO;
				DEBUG_INFORMATION_FORMAT = dwarf;
				ENABLE_STRICT_OBJC_MSGSEND = YES;
				ENABLE_TESTABILITY = YES;
				GCC_C_LANGUAGE_STANDARD = gnu11;
				GCC_DYNAMIC_NO_PIC = NO;
				GCC_NO_COMMON_BLOCKS = YES;
				GCC_OPTIMIZATION_LEVEL = 0;
				GCC_PREPROCESSOR_DEFINITIONS = (
					"DEBUG=1",
					"$(inherited)",
				);
				GCC_WARN_64_TO_32_BIT_CONVERSION = YES;
				GCC_WARN_ABOUT_RETURN_TYPE = YES_ERROR;
				GCC_WARN_UNDECLARED_SELECTOR = YES;
				GCC_WARN_UNINITIALIZED_AUTOS = YES_AGGRESSIVE;
				GCC_WARN_UNUSED_FUNCTION = YES;
				GCC_WARN_UNUSED_VARIABLE = YES;
				IPHONEOS_DEPLOYMENT_TARGET = 12.1;
				MTL_ENABLE_DEBUG_INFO = INCLUDE_SOURCE;
				MTL_FAST_MATH = YES;
				ONLY_ACTIVE_ARCH = YES;
				SDKROOT = iphoneos;
				SWIFT_ACTIVE_COMPILATION_CONDITIONS = DEBUG;
				SWIFT_OPTIMIZATION_LEVEL = "-Onone";
			};
			name = Debug;
		};
		DDCC01F12361A3A7007FF3D6 /* Release */ = {
			isa = XCBuildConfiguration;
			buildSettings = {
				ALWAYS_SEARCH_USER_PATHS = NO;
				CLANG_ANALYZER_NONNULL = YES;
				CLANG_ANALYZER_NUMBER_OBJECT_CONVERSION = YES_AGGRESSIVE;
				CLANG_CXX_LANGUAGE_STANDARD = "gnu++14";
				CLANG_CXX_LIBRARY = "libc++";
				CLANG_ENABLE_MODULES = YES;
				CLANG_ENABLE_OBJC_ARC = YES;
				CLANG_ENABLE_OBJC_WEAK = YES;
				CLANG_WARN_BLOCK_CAPTURE_AUTORELEASING = YES;
				CLANG_WARN_BOOL_CONVERSION = YES;
				CLANG_WARN_COMMA = YES;
				CLANG_WARN_CONSTANT_CONVERSION = YES;
				CLANG_WARN_DEPRECATED_OBJC_IMPLEMENTATIONS = YES;
				CLANG_WARN_DIRECT_OBJC_ISA_USAGE = YES_ERROR;
				CLANG_WARN_DOCUMENTATION_COMMENTS = YES;
				CLANG_WARN_EMPTY_BODY = YES;
				CLANG_WARN_ENUM_CONVERSION = YES;
				CLANG_WARN_INFINITE_RECURSION = YES;
				CLANG_WARN_INT_CONVERSION = YES;
				CLANG_WARN_NON_LITERAL_NULL_CONVERSION = YES;
				CLANG_WARN_OBJC_IMPLICIT_RETAIN_SELF = YES;
				CLANG_WARN_OBJC_LITERAL_CONVERSION = YES;
				CLANG_WARN_OBJC_ROOT_CLASS = YES_ERROR;
				CLANG_WARN_RANGE_LOOP_ANALYSIS = YES;
				CLANG_WARN_STRICT_PROTOTYPES = YES;
				CLANG_WARN_SUSPICIOUS_MOVE = YES;
				CLANG_WARN_UNGUARDED_AVAILABILITY = YES_AGGRESSIVE;
				CLANG_WARN_UNREACHABLE_CODE = YES;
				CLANG_WARN__DUPLICATE_METHOD_MATCH = YES;
				CODE_SIGN_IDENTITY = "iPhone Developer";
				COPY_PHASE_STRIP = NO;
				DEBUG_INFORMATION_FORMAT = "dwarf-with-dsym";
				ENABLE_NS_ASSERTIONS = NO;
				ENABLE_STRICT_OBJC_MSGSEND = YES;
				GCC_C_LANGUAGE_STANDARD = gnu11;
				GCC_NO_COMMON_BLOCKS = YES;
				GCC_WARN_64_TO_32_BIT_CONVERSION = YES;
				GCC_WARN_ABOUT_RETURN_TYPE = YES_ERROR;
				GCC_WARN_UNDECLARED_SELECTOR = YES;
				GCC_WARN_UNINITIALIZED_AUTOS = YES_AGGRESSIVE;
				GCC_WARN_UNUSED_FUNCTION = YES;
				GCC_WARN_UNUSED_VARIABLE = YES;
				IPHONEOS_DEPLOYMENT_TARGET = 12.1;
				MTL_ENABLE_DEBUG_INFO = NO;
				MTL_FAST_MATH = YES;
				SDKROOT = iphoneos;
				SWIFT_COMPILATION_MODE = wholemodule;
				SWIFT_OPTIMIZATION_LEVEL = "-O";
				VALIDATE_PRODUCT = YES;
			};
			name = Release;
		};
		DDCC01F32361A3A7007FF3D6 /* Debug */ = {
			isa = XCBuildConfiguration;
			buildSettings = {
				ASSETCATALOG_COMPILER_APPICON_NAME = AppIcon;
				CODE_SIGN_STYLE = Automatic;
				INFOPLIST_FILE = TwoPlayerDiceGame/Info.plist;
				LD_RUNPATH_SEARCH_PATHS = (
					"$(inherited)",
					"@executable_path/Frameworks",
				);
				PRODUCT_BUNDLE_IDENTIFIER = codenation.TwoPlayerDiceGame;
				PRODUCT_NAME = "$(TARGET_NAME)";
				SWIFT_VERSION = 4.2;
				TARGETED_DEVICE_FAMILY = "1,2";
			};
			name = Debug;
		};
		DDCC01F42361A3A7007FF3D6 /* Release */ = {
			isa = XCBuildConfiguration;
			buildSettings = {
				ASSETCATALOG_COMPILER_APPICON_NAME = AppIcon;
				CODE_SIGN_STYLE = Automatic;
				INFOPLIST_FILE = TwoPlayerDiceGame/Info.plist;
				LD_RUNPATH_SEARCH_PATHS = (
					"$(inherited)",
					"@executable_path/Frameworks",
				);
				PRODUCT_BUNDLE_IDENTIFIER = codenation.TwoPlayerDiceGame;
				PRODUCT_NAME = "$(TARGET_NAME)";
				SWIFT_VERSION = 4.2;
				TARGETED_DEVICE_FAMILY = "1,2";
			};
			name = Release;
		};
		DDCC01F62361A3A7007FF3D6 /* Debug */ = {
			isa = XCBuildConfiguration;
			buildSettings = {
				ALWAYS_EMBED_SWIFT_STANDARD_LIBRARIES = YES;
				BUNDLE_LOADER = "$(TEST_HOST)";
				CODE_SIGN_STYLE = Automatic;
				INFOPLIST_FILE = TwoPlayerDiceGameTests/Info.plist;
				LD_RUNPATH_SEARCH_PATHS = (
					"$(inherited)",
					"@executable_path/Frameworks",
					"@loader_path/Frameworks",
				);
				PRODUCT_BUNDLE_IDENTIFIER = codenation.TwoPlayerDiceGameTests;
				PRODUCT_NAME = "$(TARGET_NAME)";
				SWIFT_VERSION = 4.2;
				TARGETED_DEVICE_FAMILY = "1,2";
				TEST_HOST = "$(BUILT_PRODUCTS_DIR)/TwoPlayerDiceGame.app/TwoPlayerDiceGame";
			};
			name = Debug;
		};
		DDCC01F72361A3A7007FF3D6 /* Release */ = {
			isa = XCBuildConfiguration;
			buildSettings = {
				ALWAYS_EMBED_SWIFT_STANDARD_LIBRARIES = YES;
				BUNDLE_LOADER = "$(TEST_HOST)";
				CODE_SIGN_STYLE = Automatic;
				INFOPLIST_FILE = TwoPlayerDiceGameTests/Info.plist;
				LD_RUNPATH_SEARCH_PATHS = (
					"$(inherited)",
					"@executable_path/Frameworks",
					"@loader_path/Frameworks",
				);
				PRODUCT_BUNDLE_IDENTIFIER = codenation.TwoPlayerDiceGameTests;
				PRODUCT_NAME = "$(TARGET_NAME)";
				SWIFT_VERSION = 4.2;
				TARGETED_DEVICE_FAMILY = "1,2";
				TEST_HOST = "$(BUILT_PRODUCTS_DIR)/TwoPlayerDiceGame.app/TwoPlayerDiceGame";
			};
			name = Release;
		};
/* End XCBuildConfiguration section */

/* Begin XCConfigurationList section */
		DDCC01D02361A3A6007FF3D6 /* Build configuration list for PBXProject "TwoPlayerDiceGame" */ = {
			isa = XCConfigurationList;
			buildConfigurations = (
				DDCC01F02361A3A7007FF3D6 /* Debug */,
				DDCC01F12361A3A7007FF3D6 /* Release */,
			);
			defaultConfigurationIsVisible = 0;
			defaultConfigurationName = Release;
		};
		DDCC01F22361A3A7007FF3D6 /* Build configuration list for PBXNativeTarget "TwoPlayerDiceGame" */ = {
			isa = XCConfigurationList;
			buildConfigurations = (
				DDCC01F32361A3A7007FF3D6 /* Debug */,
				DDCC01F42361A3A7007FF3D6 /* Release */,
			);
			defaultConfigurationIsVisible = 0;
			defaultConfigurationName = Release;
		};
		DDCC01F52361A3A7007FF3D6 /* Build configuration list for PBXNativeTarget "TwoPlayerDiceGameTests" */ = {
			isa = XCConfigurationList;
			buildConfigurations = (
				DDCC01F62361A3A7007FF3D6 /* Debug */,
				DDCC01F72361A3A7007FF3D6 /* Release */,
			);
			defaultConfigurationIsVisible = 0;
			defaultConfigurationName = Release;
		};
/* End XCConfigurationList section */
	};
	rootObject = DDCC01CD2361A3A6007FF3D6 /* Project object */;
}
